
Microsoft Visual Studio Solution File, Format Version 9.00
# Visual Studio 2005
Project("{54435603-DBB4-11D2-8724-00A0C9A8B90C}") = "BankAccountSetup", "BankAccountSetup\BankAccountSetup.vdproj", "{836606DB-A0B0-4012-809E-B58D2A4BCA40}"
EndProject
Global
	GlobalSection(SolutionConfigurationPlatforms) = preSolution
		Debug|Default = Debug|Default
		Release|Default = Release|Default
	EndGlobalSection
	GlobalSection(ProjectConfigurationPlatforms) = postSolution
		{836606DB-A0B0-4012-809E-B58D2A4BCA40}.Debug|Default.ActiveCfg = Debug
		{836606DB-A0B0-4012-809E-B58D2A4BCA40}.Debug|Default.Build.0 = Debug
		{836606DB-A0B0-4012-809E-B58D2A4BCA40}.Release|Default.ActiveCfg = Release
		{836606DB-A0B0-4012-809E-B58D2A4BCA40}.Release|Default.Build.0 = Release
	EndGlobalSection
	GlobalSection(SolutionProperties) = preSolution
		HideSolutionNode = FALSE
	EndGlobalSection
EndGlobal
